{
  "name": "is-ritik",
  "version": "1.0.0",
  "lockfileVersion": 3,
  "requires": true,
  "packages": {
    "": {
      "name": "is-ritik",
      "version": "1.0.0",
      "license": "ISC",
      "dependencies": {
        "is-ritik": "^1.0.0"
      }
    },
    "node_modules/is-ritik": {
      "version": "1.0.0",
      "resolved": "https://registry.npmjs.org/is-ritik/-/is-ritik-1.0.0.tgz",
      "integrity": "sha512-h6F62EhXIF6icq6Nzj0eovjqU8kYUqnoOGIstgtcuGTfqXxBJRERhZtrhoF9Fy7Ohnz52ZJ27PTxpYvvQj1JGA=="
    }
  }
}
